# This file is generated by running "yarn install" inside your project.
# Manual changes might be lost - proceed with caution!

__metadata:
  version: 8
  cacheKey: 10c0

"admin@workspace:projects/admin":
  version: 0.0.0-use.local
  resolution: "admin@workspace:projects/admin"
  dependencies:
    configs: "npm:1.0.0"
    ui: "npm:1.0.0"
  languageName: unknown
  linkType: soft

"configs@npm:1.0.0, configs@workspace:projects/packages/configs":
  version: 0.0.0-use.local
  resolution: "configs@workspace:projects/packages/configs"
  languageName: unknown
  linkType: soft

"monorepo@workspace:.":
  version: 0.0.0-use.local
  resolution: "monorepo@workspace:."
  languageName: unknown
  linkType: soft

"ui@npm:1.0.0, ui@workspace:projects/packages/ui":
  version: 0.0.0-use.local
  resolution: "ui@workspace:projects/packages/ui"
  languageName: unknown
  linkType: soft

"utils@npm:1.0.0, utils@workspace:projects/packages/utils":
  version: 0.0.0-use.local
  resolution: "utils@workspace:projects/packages/utils"
  languageName: unknown
  linkType: soft

"web@workspace:projects/web":
  version: 0.0.0-use.local
  resolution: "web@workspace:projects/web"
  dependencies:
    ui: "npm:1.0.0"
    utils: "npm:1.0.0"
  languageName: unknown
  linkType: soft
